
Microsoft Visual Studio Solution File, Format Version 12.00
# Visual Studio Version 17
VisualStudioVersion = 17.0.31903.59
MinimumVisualStudioVersion = 10.0.40219.1
Project("{FAE04EC0-301F-11D3-BF4B-00C04F79EFBC}") = "EntityFrameworkCore.Data", "EntityFrameworkCore.Data\EntityFrameworkCore.Data.csproj", "{2266277C-277C-45C2-8394-C1C91545AF3D}"
EndProject
Project("{FAE04EC0-301F-11D3-BF4B-00C04F79EFBC}") = "EntityFrameworkCore.Domain", "EntityFrameworkCore.Domain\EntityFrameworkCore.Domain.csproj", "{1769A246-BB49-4E27-9B1F-CE4372DB7753}"
EndProject
Project("{FAE04EC0-301F-11D3-BF4B-00C04F79EFBC}") = "EntityFrameworkCore.Console", "EntityFrameworkCore.Console\EntityFrameworkCore.Console.csproj", "{C0FEEFFD-5B5A-4417-AC83-DCB7C92AB326}"
EndProject
Global
	GlobalSection(SolutionConfigurationPlatforms) = preSolution
		Debug|Any CPU = Debug|Any CPU
		Release|Any CPU = Release|Any CPU
	EndGlobalSection
	GlobalSection(SolutionProperties) = preSolution
		HideSolutionNode = FALSE
	EndGlobalSection
	GlobalSection(ProjectConfigurationPlatforms) = postSolution
		{2266277C-277C-45C2-8394-C1C91545AF3D}.Debug|Any CPU.ActiveCfg = Debug|Any CPU
		{2266277C-277C-45C2-8394-C1C91545AF3D}.Debug|Any CPU.Build.0 = Debug|Any CPU
		{2266277C-277C-45C2-8394-C1C91545AF3D}.Release|Any CPU.ActiveCfg = Release|Any CPU
		{2266277C-277C-45C2-8394-C1C91545AF3D}.Release|Any CPU.Build.0 = Release|Any CPU
		{1769A246-BB49-4E27-9B1F-CE4372DB7753}.Debug|Any CPU.ActiveCfg = Debug|Any CPU
		{1769A246-BB49-4E27-9B1F-CE4372DB7753}.Debug|Any CPU.Build.0 = Debug|Any CPU
		{1769A246-BB49-4E27-9B1F-CE4372DB7753}.Release|Any CPU.ActiveCfg = Release|Any CPU
		{1769A246-BB49-4E27-9B1F-CE4372DB7753}.Release|Any CPU.Build.0 = Release|Any CPU
		{C0FEEFFD-5B5A-4417-AC83-DCB7C92AB326}.Debug|Any CPU.ActiveCfg = Debug|Any CPU
		{C0FEEFFD-5B5A-4417-AC83-DCB7C92AB326}.Debug|Any CPU.Build.0 = Debug|Any CPU
		{C0FEEFFD-5B5A-4417-AC83-DCB7C92AB326}.Release|Any CPU.ActiveCfg = Release|Any CPU
		{C0FEEFFD-5B5A-4417-AC83-DCB7C92AB326}.Release|Any CPU.Build.0 = Release|Any CPU
	EndGlobalSection
EndGlobal
